{
  "originHash" : "8b4717d69c3c0a1058658c3c04690a1faf19691e5be2c99fb41c1b248b9487e4",
  "pins" : [
    {
      "identity" : "search-bar-swiftui",
      "kind" : "remoteSourceControl",
      "location" : "https://github.com/KDTechniques/search-bar-swiftui",
      "state" : {
        "revision" : "da489e2b435066a7566da9f2a755022b7d273982",
        "version" : "1.3.2"
      }
    }
  ],
  "version" : 3
}
