{
  "originHash" : "8b4717d69c3c0a1058658c3c04690a1faf19691e5be2c99fb41c1b248b9487e4",
  "pins" : [
    {
      "identity" : "search-bar-swiftui",
      "kind" : "remoteSourceControl",
      "location" : "https://github.com/KDTechniques/search-bar-swiftui",
      "state" : {
        "revision" : "a14a80f0728dff26f4a000edd94be38369ccac22",
        "version" : "1.4.0"
      }
    }
  ],
  "version" : 3
}
